
Microsoft Visual Studio Solution File, Format Version 12.00
Project("{FAE04EC0-301F-11D3-BF4B-00C04F79EFBC}") = "ConsoleApp4", "ConsoleApp4.csproj", "{402669E9-51F5-4032-B0F0-0B978E718EBB}"
EndProject
Global
	GlobalSection(SolutionConfigurationPlatforms) = preSolution
		Debug|Any CPU = Debug|Any CPU
		Release|Any CPU = Release|Any CPU
	EndGlobalSection
	GlobalSection(ProjectConfigurationPlatforms) = postSolution
		{402669E9-51F5-4032-B0F0-0B978E718EBB}.Debug|Any CPU.ActiveCfg = Debug|Any CPU
		{402669E9-51F5-4032-B0F0-0B978E718EBB}.Debug|Any CPU.Build.0 = Debug|Any CPU
		{402669E9-51F5-4032-B0F0-0B978E718EBB}.Release|Any CPU.ActiveCfg = Release|Any CPU
		{402669E9-51F5-4032-B0F0-0B978E718EBB}.Release|Any CPU.Build.0 = Release|Any CPU
	EndGlobalSection
EndGlobal
